// !$*UTF8*$!
{
	archiveVersion = 1;
	classes = {
	};
	objectVersion = 50;
	objects = {

/* Begin PBXBuildFile section */
		09F4DA3827BEE592005C7831 /* FashionAppApp.swift in Sources */ = {isa = PBXBuildFile; fileRef = 09F4DA3727BEE592005C7831 /* FashionAppApp.swift */; };
		09F4DA3A27BEE592005C7831 /* ContentView.swift in Sources */ = {isa = PBXBuildFile; fileRef = 09F4DA3927BEE592005C7831 /* ContentView.swift */; };
		09F4DA3C27BEE59A005C7831 /* Assets.xcassets in Resources */ = {isa = PBXBuildFile; fileRef = 09F4DA3B27BEE59A005C7831 /* Assets.xcassets */; };
		09F4DA3F27BEE59A005C7831 /* Preview Assets.xcassets in Resources */ = {isa = PBXBuildFile; fileRef = 09F4DA3E27BEE59A005C7831 /* Preview Assets.xcassets */; };
		09F4DA4927BEEB84005C7831 /* HeaderComponents.swift in Sources */ = {isa = PBXBuildFile; fileRef = 09F4DA4827BEEB84005C7831 /* HeaderComponents.swift */; };
		09F4DA4E27C4173D005C7831 /* FashionView.swift in Sources */ = {isa = PBXBuildFile; fileRef = 09F4DA4D27C4173D005C7831 /* FashionView.swift */; };
		09F4DA5127C4179F005C7831 /* CustomNavigationView.swift in Sources */ = {isa = PBXBuildFile; fileRef = 09F4DA5027C4179F005C7831 /* CustomNavigationView.swift */; };
		09F4DA5427C41940005C7831 /* CustomBodyMainView.swift in Sources */ = {isa = PBXBuildFile; fileRef = 09F4DA5327C41940005C7831 /* CustomBodyMainView.swift */; };
		09F4DA5827C42D63005C7831 /* CustomAlertView.swift in Sources */ = {isa = PBXBuildFile; fileRef = 09F4DA5727C42D63005C7831 /* CustomAlertView.swift */; };
		09F4DA5C27C56029005C7831 /* DetailFashionView.swift in Sources */ = {isa = PBXBuildFile; fileRef = 09F4DA5B27C56029005C7831 /* DetailFashionView.swift */; };
/* End PBXBuildFile section */

/* Begin PBXFileReference section */
		09F4DA3427BEE592005C7831 /* FashionApp.app */ = {isa = PBXFileReference; explicitFileType = wrapper.application; includeInIndex = 0; path = FashionApp.app; sourceTree = BUILT_PRODUCTS_DIR; };
		09F4DA3727BEE592005C7831 /* FashionAppApp.swift */ = {isa = PBXFileReference; lastKnownFileType = sourcecode.swift; path = FashionAppApp.swift; sourceTree = "<group>"; };
		09F4DA3927BEE592005C7831 /* ContentView.swift */ = {isa = PBXFileReference; lastKnownFileType = sourcecode.swift; path = ContentView.swift; sourceTree = "<group>"; };
		09F4DA3B27BEE59A005C7831 /* Assets.xcassets */ = {isa = PBXFileReference; lastKnownFileType = folder.assetcatalog; path = Assets.xcassets; sourceTree = "<group>"; };
		09F4DA3E27BEE59A005C7831 /* Preview Assets.xcassets */ = {isa = PBXFileReference; lastKnownFileType = folder.assetcatalog; path = "Preview Assets.xcassets"; sourceTree = "<group>"; };
		09F4DA4027BEE59A005C7831 /* Info.plist */ = {isa = PBXFileReference; lastKnownFileType = text.plist.xml; path = Info.plist; sourceTree = "<group>"; };
		09F4DA4827BEEB84005C7831 /* HeaderComponents.swift */ = {isa = PBXFileReference; lastKnownFileType = sourcecode.swift; path = HeaderComponents.swift; sourceTree = "<group>"; };
		09F4DA4D27C4173D005C7831 /* FashionView.swift */ = {isa = PBXFileReference; lastKnownFileType = sourcecode.swift; path = FashionView.swift; sourceTree = "<group>"; };
		09F4DA5027C4179F005C7831 /* CustomNavigationView.swift */ = {isa = PBXFileReference; lastKnownFileType = sourcecode.swift; path = CustomNavigationView.swift; sourceTree = "<group>"; };
		09F4DA5327C41940005C7831 /* CustomBodyMainView.swift */ = {isa = PBXFileReference; lastKnownFileType = sourcecode.swift; path = CustomBodyMainView.swift; sourceTree = "<group>"; };
		09F4DA5727C42D63005C7831 /* CustomAlertView.swift */ = {isa = PBXFileReference; lastKnownFileType = sourcecode.swift; path = CustomAlertView.swift; sourceTree = "<group>"; };
		09F4DA5B27C56029005C7831 /* DetailFashionView.swift */ = {isa = PBXFileReference; lastKnownFileType = sourcecode.swift; path = DetailFashionView.swift; sourceTree = "<group>"; };
/* End PBXFileReference section */

/* Begin PBXFrameworksBuildPhase section */
		09F4DA3127BEE592005C7831 /* Frameworks */ = {
			isa = PBXFrameworksBuildPhase;
			buildActionMask = 2147483647;
			files = (
			);
			runOnlyForDeploymentPostprocessing = 0;
		};
/* End PBXFrameworksBuildPhase section */

/* Begin PBXGroup section */
		09F4DA2B27BEE592005C7831 = {
			isa = PBXGroup;
			children = (
				09F4DA3627BEE592005C7831 /* FashionApp */,
				09F4DA3527BEE592005C7831 /* Products */,
			);
			sourceTree = "<group>";
		};
		09F4DA3527BEE592005C7831 /* Products */ = {
			isa = PBXGroup;
			children = (
				09F4DA3427BEE592005C7831 /* FashionApp.app */,
			);
			name = Products;
			sourceTree = "<group>";
		};
		09F4DA3627BEE592005C7831 /* FashionApp */ = {
			isa = PBXGroup;
			children = (
				09F4DA5A27C56018005C7831 /* Sources */,
				09F4DA4727BEEB6E005C7831 /* Components */,
				09F4DA3727BEE592005C7831 /* FashionAppApp.swift */,
				09F4DA3B27BEE59A005C7831 /* Assets.xcassets */,
				09F4DA4027BEE59A005C7831 /* Info.plist */,
				09F4DA3D27BEE59A005C7831 /* Preview Content */,
			);
			path = FashionApp;
			sourceTree = "<group>";
		};
		09F4DA3D27BEE59A005C7831 /* Preview Content */ = {
			isa = PBXGroup;
			children = (
				09F4DA3E27BEE59A005C7831 /* Preview Assets.xcassets */,
			);
			path = "Preview Content";
			sourceTree = "<group>";
		};
		09F4DA4727BEEB6E005C7831 /* Components */ = {
			isa = PBXGroup;
			children = (
				09F4DA3927BEE592005C7831 /* ContentView.swift */,
				09F4DA4827BEEB84005C7831 /* HeaderComponents.swift */,
				09F4DA5027C4179F005C7831 /* CustomNavigationView.swift */,
				09F4DA5327C41940005C7831 /* CustomBodyMainView.swift */,
				09F4DA5727C42D63005C7831 /* CustomAlertView.swift */,
			);
			path = Components;
			sourceTree = "<group>";
		};
		09F4DA5A27C56018005C7831 /* Sources */ = {
			isa = PBXGroup;
			children = (
				09F4DA4D27C4173D005C7831 /* FashionView.swift */,
				09F4DA5B27C56029005C7831 /* DetailFashionView.swift */,
			);
			path = Sources;
			sourceTree = "<group>";
		};
/* End PBXGroup section */

/* Begin PBXNativeTarget section */
		09F4DA3327BEE592005C7831 /* FashionApp */ = {
			isa = PBXNativeTarget;
			buildConfigurationList = 09F4DA4327BEE59A005C7831 /* Build configuration list for PBXNativeTarget "FashionApp" */;
			buildPhases = (
				09F4DA3027BEE592005C7831 /* Sources */,
				09F4DA3127BEE592005C7831 /* Frameworks */,
				09F4DA3227BEE592005C7831 /* Resources */,
			);
			buildRules = (
			);
			dependencies = (
			);
			name = FashionApp;
			productName = FashionApp;
			productReference = 09F4DA3427BEE592005C7831 /* FashionApp.app */;
			productType = "com.apple.product-type.application";
		};
/* End PBXNativeTarget section */

/* Begin PBXProject section */
		09F4DA2C27BEE592005C7831 /* Project object */ = {
			isa = PBXProject;
			attributes = {
				LastSwiftUpdateCheck = 1230;
				LastUpgradeCheck = 1230;
				TargetAttributes = {
					09F4DA3327BEE592005C7831 = {
						CreatedOnToolsVersion = 12.3;
					};
				};
			};
			buildConfigurationList = 09F4DA2F27BEE592005C7831 /* Build configuration list for PBXProject "FashionApp" */;
			compatibilityVersion = "Xcode 9.3";
			developmentRegion = en;
			hasScannedForEncodings = 0;
			knownRegions = (
				en,
				Base,
			);
			mainGroup = 09F4DA2B27BEE592005C7831;
			productRefGroup = 09F4DA3527BEE592005C7831 /* Products */;
			projectDirPath = "";
			projectRoot = "";
			targets = (
				09F4DA3327BEE592005C7831 /* FashionApp */,
			);
		};
/* End PBXProject section */

/* Begin PBXResourcesBuildPhase section */
		09F4DA3227BEE592005C7831 /* Resources */ = {
			isa = PBXResourcesBuildPhase;
			buildActionMask = 2147483647;
			files = (
				09F4DA3F27BEE59A005C7831 /* Preview Assets.xcassets in Resources */,
				09F4DA3C27BEE59A005C7831 /* Assets.xcassets in Resources */,
			);
			runOnlyForDeploymentPostprocessing = 0;
		};
/* End PBXResourcesBuildPhase section */

/* Begin PBXSourcesBuildPhase section */
		09F4DA3027BEE592005C7831 /* Sources */ = {
			isa = PBXSourcesBuildPhase;
			buildActionMask = 2147483647;
			files = (
				09F4DA5C27C56029005C7831 /* DetailFashionView.swift in Sources */,
				09F4DA4927BEEB84005C7831 /* HeaderComponents.swift in Sources */,
				09F4DA5827C42D63005C7831 /* CustomAlertView.swift in Sources */,
				09F4DA3A27BEE592005C7831 /* ContentView.swift in Sources */,
				09F4DA5427C41940005C7831 /* CustomBodyMainView.swift in Sources */,
				09F4DA5127C4179F005C7831 /* CustomNavigationView.swift in Sources */,
				09F4DA3827BEE592005C7831 /* FashionAppApp.swift in Sources */,
				09F4DA4E27C4173D005C7831 /* FashionView.swift in Sources */,
			);
			runOnlyForDeploymentPostprocessing = 0;
		};
/* End PBXSourcesBuildPhase section */

/* Begin XCBuildConfiguration section */
		09F4DA4127BEE59A005C7831 /* Debug */ = {
			isa = XCBuildConfiguration;
			buildSettings = {
				ALWAYS_SEARCH_USER_PATHS = NO;
				CLANG_ANALYZER_NONNULL = YES;
				CLANG_ANALYZER_NUMBER_OBJECT_CONVERSION = YES_AGGRESSIVE;
				CLANG_CXX_LANGUAGE_STANDARD = "gnu++14";
				CLANG_CXX_LIBRARY = "libc++";
				CLANG_ENABLE_MODULES = YES;
				CLANG_ENABLE_OBJC_ARC = YES;
				CLANG_ENABLE_OBJC_WEAK = YES;
				CLANG_WARN_BLOCK_CAPTURE_AUTORELEASING = YES;
				CLANG_WARN_BOOL_CONVERSION = YES;
				CLANG_WARN_COMMA = YES;
				CLANG_WARN_CONSTANT_CONVERSION = YES;
				CLANG_WARN_DEPRECATED_OBJC_IMPLEMENTATIONS = YES;
				CLANG_WARN_DIRECT_OBJC_ISA_USAGE = YES_ERROR;
				CLANG_WARN_DOCUMENTATION_COMMENTS = YES;
				CLANG_WARN_EMPTY_BODY = YES;
				CLANG_WARN_ENUM_CONVERSION = YES;
				CLANG_WARN_INFINITE_RECURSION = YES;
				CLANG_WARN_INT_CONVERSION = YES;
				CLANG_WARN_NON_LITERAL_NULL_CONVERSION = YES;
				CLANG_WARN_OBJC_IMPLICIT_RETAIN_SELF = YES;
				CLANG_WARN_OBJC_LITERAL_CONVERSION = YES;
				CLANG_WARN_OBJC_ROOT_CLASS = YES_ERROR;
				CLANG_WARN_QUOTED_INCLUDE_IN_FRAMEWORK_HEADER = YES;
				CLANG_WARN_RANGE_LOOP_ANALYSIS = YES;
				CLANG_WARN_STRICT_PROTOTYPES = YES;
				CLANG_WARN_SUSPICIOUS_MOVE = YES;
				CLANG_WARN_UNGUARDED_AVAILABILITY = YES_AGGRESSIVE;
				CLANG_WARN_UNREACHABLE_CODE = YES;
				CLANG_WARN__DUPLICATE_METHOD_MATCH = YES;
				COPY_PHASE_STRIP = NO;
				DEBUG_INFORMATION_FORMAT = dwarf;
				ENABLE_STRICT_OBJC_MSGSEND = YES;
				ENABLE_TESTABILITY = YES;
				GCC_C_LANGUAGE_STANDARD = gnu11;
				GCC_DYNAMIC_NO_PIC = NO;
				GCC_NO_COMMON_BLOCKS = YES;
				GCC_OPTIMIZATION_LEVEL = 0;
				GCC_PREPROCESSOR_DEFINITIONS = (
					"DEBUG=1",
					"$(inherited)",
				);
				GCC_WARN_64_TO_32_BIT_CONVERSION = YES;
				GCC_WARN_ABOUT_RETURN_TYPE = YES_ERROR;
				GCC_WARN_UNDECLARED_SELECTOR = YES;
				GCC_WARN_UNINITIALIZED_AUTOS = YES_AGGRESSIVE;
				GCC_WARN_UNUSED_FUNCTION = YES;
				GCC_WARN_UNUSED_VARIABLE = YES;
				IPHONEOS_DEPLOYMENT_TARGET = 14.3;
				MTL_ENABLE_DEBUG_INFO = INCLUDE_SOURCE;
				MTL_FAST_MATH = YES;
				ONLY_ACTIVE_ARCH = YES;
				SDKROOT = iphoneos;
				SWIFT_ACTIVE_COMPILATION_CONDITIONS = DEBUG;
				SWIFT_OPTIMIZATION_LEVEL = "-Onone";
			};
			name = Debug;
		};
		09F4DA4227BEE59A005C7831 /* Release */ = {
			isa = XCBuildConfiguration;
			buildSettings = {
				ALWAYS_SEARCH_USER_PATHS = NO;
				CLANG_ANALYZER_NONNULL = YES;
				CLANG_ANALYZER_NUMBER_OBJECT_CONVERSION = YES_AGGRESSIVE;
				CLANG_CXX_LANGUAGE_STANDARD = "gnu++14";
				CLANG_CXX_LIBRARY = "libc++";
				CLANG_ENABLE_MODULES = YES;
				CLANG_ENABLE_OBJC_ARC = YES;
				CLANG_ENABLE_OBJC_WEAK = YES;
				CLANG_WARN_BLOCK_CAPTURE_AUTORELEASING = YES;
				CLANG_WARN_BOOL_CONVERSION = YES;
				CLANG_WARN_COMMA = YES;
				CLANG_WARN_CONSTANT_CONVERSION = YES;
				CLANG_WARN_DEPRECATED_OBJC_IMPLEMENTATIONS = YES;
				CLANG_WARN_DIRECT_OBJC_ISA_USAGE = YES_ERROR;
				CLANG_WARN_DOCUMENTATION_COMMENTS = YES;
				CLANG_WARN_EMPTY_BODY = YES;
				CLANG_WARN_ENUM_CONVERSION = YES;
				CLANG_WARN_INFINITE_RECURSION = YES;
				CLANG_WARN_INT_CONVERSION = YES;
				CLANG_WARN_NON_LITERAL_NULL_CONVERSION = YES;
				CLANG_WARN_OBJC_IMPLICIT_RETAIN_SELF = YES;
				CLANG_WARN_OBJC_LITERAL_CONVERSION = YES;
				CLANG_WARN_OBJC_ROOT_CLASS = YES_ERROR;
				CLANG_WARN_QUOTED_INCLUDE_IN_FRAMEWORK_HEADER = YES;
				CLANG_WARN_RANGE_LOOP_ANALYSIS = YES;
				CLANG_WARN_STRICT_PROTOTYPES = YES;
				CLANG_WARN_SUSPICIOUS_MOVE = YES;
				CLANG_WARN_UNGUARDED_AVAILABILITY = YES_AGGRESSIVE;
				CLANG_WARN_UNREACHABLE_CODE = YES;
				CLANG_WARN__DUPLICATE_METHOD_MATCH = YES;
				COPY_PHASE_STRIP = NO;
				DEBUG_INFORMATION_FORMAT = "dwarf-with-dsym";
				ENABLE_NS_ASSERTIONS = NO;
				ENABLE_STRICT_OBJC_MSGSEND = YES;
				GCC_C_LANGUAGE_STANDARD = gnu11;
				GCC_NO_COMMON_BLOCKS = YES;
				GCC_WARN_64_TO_32_BIT_CONVERSION = YES;
				GCC_WARN_ABOUT_RETURN_TYPE = YES_ERROR;
				GCC_WARN_UNDECLARED_SELECTOR = YES;
				GCC_WARN_UNINITIALIZED_AUTOS = YES_AGGRESSIVE;
				GCC_WARN_UNUSED_FUNCTION = YES;
				GCC_WARN_UNUSED_VARIABLE = YES;
				IPHONEOS_DEPLOYMENT_TARGET = 14.3;
				MTL_ENABLE_DEBUG_INFO = NO;
				MTL_FAST_MATH = YES;
				SDKROOT = iphoneos;
				SWIFT_COMPILATION_MODE = wholemodule;
				SWIFT_OPTIMIZATION_LEVEL = "-O";
				VALIDATE_PRODUCT = YES;
			};
			name = Release;
		};
		09F4DA4427BEE59A005C7831 /* Debug */ = {
			isa = XCBuildConfiguration;
			buildSettings = {
				ASSETCATALOG_COMPILER_APPICON_NAME = AppIcon;
				ASSETCATALOG_COMPILER_GLOBAL_ACCENT_COLOR_NAME = AccentColor;
				CODE_SIGN_STYLE = Automatic;
				DEVELOPMENT_ASSET_PATHS = "\"FashionApp/Preview Content\"";
				ENABLE_PREVIEWS = YES;
				INFOPLIST_FILE = FashionApp/Info.plist;
				IPHONEOS_DEPLOYMENT_TARGET = 14.0;
				LD_RUNPATH_SEARCH_PATHS = (
					"$(inherited)",
					"@executable_path/Frameworks",
				);
				PRODUCT_BUNDLE_IDENTIFIER = com.cice.juliorodriguez.education.Tecnologia.IOS.FashionApp;
				PRODUCT_NAME = "$(TARGET_NAME)";
				SWIFT_VERSION = 5.0;
				TARGETED_DEVICE_FAMILY = "1,2";
			};
			name = Debug;
		};
		09F4DA4527BEE59A005C7831 /* Release */ = {
			isa = XCBuildConfiguration;
			buildSettings = {
				ASSETCATALOG_COMPILER_APPICON_NAME = AppIcon;
				ASSETCATALOG_COMPILER_GLOBAL_ACCENT_COLOR_NAME = AccentColor;
				CODE_SIGN_STYLE = Automatic;
				DEVELOPMENT_ASSET_PATHS = "\"FashionApp/Preview Content\"";
				ENABLE_PREVIEWS = YES;
				INFOPLIST_FILE = FashionApp/Info.plist;
				IPHONEOS_DEPLOYMENT_TARGET = 14.0;
				LD_RUNPATH_SEARCH_PATHS = (
					"$(inherited)",
					"@executable_path/Frameworks",
				);
				PRODUCT_BUNDLE_IDENTIFIER = com.cice.juliorodriguez.education.Tecnologia.IOS.FashionApp;
				PRODUCT_NAME = "$(TARGET_NAME)";
				SWIFT_VERSION = 5.0;
				TARGETED_DEVICE_FAMILY = "1,2";
			};
			name = Release;
		};
/* End XCBuildConfiguration section */

/* Begin XCConfigurationList section */
		09F4DA2F27BEE592005C7831 /* Build configuration list for PBXProject "FashionApp" */ = {
			isa = XCConfigurationList;
			buildConfigurations = (
				09F4DA4127BEE59A005C7831 /* Debug */,
				09F4DA4227BEE59A005C7831 /* Release */,
			);
			defaultConfigurationIsVisible = 0;
			defaultConfigurationName = Release;
		};
		09F4DA4327BEE59A005C7831 /* Build configuration list for PBXNativeTarget "FashionApp" */ = {
			isa = XCConfigurationList;
			buildConfigurations = (
				09F4DA4427BEE59A005C7831 /* Debug */,
				09F4DA4527BEE59A005C7831 /* Release */,
			);
			defaultConfigurationIsVisible = 0;
			defaultConfigurationName = Release;
		};
/* End XCConfigurationList section */
	};
	rootObject = 09F4DA2C27BEE592005C7831 /* Project object */;
}
