// !$*UTF8*$!
{
	archiveVersion = 1;
	classes = {
	};
	objectVersion = 50;
	objects = {

/* Begin PBXBuildFile section */
		0993A92F279F23850000B91C /* AppDelegate.swift in Sources */ = {isa = PBXBuildFile; fileRef = 0993A92E279F23850000B91C /* AppDelegate.swift */; };
		0993A938279F23850000B91C /* Assets.xcassets in Resources */ = {isa = PBXBuildFile; fileRef = 0993A937279F23850000B91C /* Assets.xcassets */; };
		0993A93B279F23850000B91C /* LaunchScreen.storyboard in Resources */ = {isa = PBXBuildFile; fileRef = 0993A939279F23850000B91C /* LaunchScreen.storyboard */; };
		0993A949279F25870000B91C /* AppCoordinator.swift in Sources */ = {isa = PBXBuildFile; fileRef = 0993A948279F25870000B91C /* AppCoordinator.swift */; };
		0993A951279F29D50000B91C /* ListaCochesViewController.swift in Sources */ = {isa = PBXBuildFile; fileRef = 0993A94F279F29D50000B91C /* ListaCochesViewController.swift */; };
		0993A952279F29D50000B91C /* ListaCochesViewController.xib in Resources */ = {isa = PBXBuildFile; fileRef = 0993A950279F29D50000B91C /* ListaCochesViewController.xib */; };
		0993A956279F2A400000B91C /* ListaCochesCoordinator.swift in Sources */ = {isa = PBXBuildFile; fileRef = 0993A955279F2A400000B91C /* ListaCochesCoordinator.swift */; };
		0993A95B279F2DC00000B91C /* MesesCell.swift in Sources */ = {isa = PBXBuildFile; fileRef = 0993A959279F2DC00000B91C /* MesesCell.swift */; };
		0993A95C279F2DC00000B91C /* MesesCell.xib in Resources */ = {isa = PBXBuildFile; fileRef = 0993A95A279F2DC00000B91C /* MesesCell.xib */; };
		0993A961279F3B7F0000B91C /* Utils.swift in Sources */ = {isa = PBXBuildFile; fileRef = 0993A960279F3B7F0000B91C /* Utils.swift */; };
		0993A967279F3E960000B91C /* ListaSuperCochesViewController.swift in Sources */ = {isa = PBXBuildFile; fileRef = 0993A965279F3E960000B91C /* ListaSuperCochesViewController.swift */; };
		0993A968279F3E960000B91C /* ListaSuperCochesViewController.xib in Resources */ = {isa = PBXBuildFile; fileRef = 0993A966279F3E960000B91C /* ListaSuperCochesViewController.xib */; };
		0993A96C279F3EA40000B91C /* ListaSuperCochesCoordinator.swift in Sources */ = {isa = PBXBuildFile; fileRef = 0993A96B279F3EA40000B91C /* ListaSuperCochesCoordinator.swift */; };
		0993A971279F3FBC0000B91C /* HometabBarViewController.swift in Sources */ = {isa = PBXBuildFile; fileRef = 0993A96F279F3FBC0000B91C /* HometabBarViewController.swift */; };
		0993A972279F3FBC0000B91C /* HometabBarViewController.xib in Resources */ = {isa = PBXBuildFile; fileRef = 0993A970279F3FBC0000B91C /* HometabBarViewController.xib */; };
		0993A976279F3FD40000B91C /* HometabBarCoordinator.swift in Sources */ = {isa = PBXBuildFile; fileRef = 0993A975279F3FD40000B91C /* HometabBarCoordinator.swift */; };
		0993A97A279F45130000B91C /* CochesModel.swift in Sources */ = {isa = PBXBuildFile; fileRef = 0993A979279F45130000B91C /* CochesModel.swift */; };
		0993A980279F49440000B91C /* CochesCell.swift in Sources */ = {isa = PBXBuildFile; fileRef = 0993A97E279F49440000B91C /* CochesCell.swift */; };
		0993A981279F49440000B91C /* CochesCell.xib in Resources */ = {isa = PBXBuildFile; fileRef = 0993A97F279F49440000B91C /* CochesCell.xib */; };
		0993A98727A07D9F0000B91C /* ListaPerfilPostViewController.swift in Sources */ = {isa = PBXBuildFile; fileRef = 0993A98527A07D9F0000B91C /* ListaPerfilPostViewController.swift */; };
		0993A98827A07D9F0000B91C /* ListaPerfilPostViewController.xib in Resources */ = {isa = PBXBuildFile; fileRef = 0993A98627A07D9F0000B91C /* ListaPerfilPostViewController.xib */; };
		0993A98E27A07DB90000B91C /* ListaPerfilPostCoordinator.swift in Sources */ = {isa = PBXBuildFile; fileRef = 0993A98D27A07DB90000B91C /* ListaPerfilPostCoordinator.swift */; };
		0993A99727A083CC0000B91C /* PostCell.swift in Sources */ = {isa = PBXBuildFile; fileRef = 0993A99527A083CC0000B91C /* PostCell.swift */; };
		0993A99827A083CC0000B91C /* PostCell.xib in Resources */ = {isa = PBXBuildFile; fileRef = 0993A99627A083CC0000B91C /* PostCell.xib */; };
		0993A99B27A084060000B91C /* UserDataModel.swift in Sources */ = {isa = PBXBuildFile; fileRef = 0993A99A27A084060000B91C /* UserDataModel.swift */; };
		0993A9A027A08CF60000B91C /* PerfilCell.swift in Sources */ = {isa = PBXBuildFile; fileRef = 0993A99E27A08CF60000B91C /* PerfilCell.swift */; };
		0993A9A127A08CF60000B91C /* PerfilCell.xib in Resources */ = {isa = PBXBuildFile; fileRef = 0993A99F27A08CF60000B91C /* PerfilCell.xib */; };
/* End PBXBuildFile section */

/* Begin PBXFileReference section */
		0993A92B279F23840000B91C /* MiAppIntroduccionTableView.app */ = {isa = PBXFileReference; explicitFileType = wrapper.application; includeInIndex = 0; path = MiAppIntroduccionTableView.app; sourceTree = BUILT_PRODUCTS_DIR; };
		0993A92E279F23850000B91C /* AppDelegate.swift */ = {isa = PBXFileReference; lastKnownFileType = sourcecode.swift; path = AppDelegate.swift; sourceTree = "<group>"; };
		0993A937279F23850000B91C /* Assets.xcassets */ = {isa = PBXFileReference; lastKnownFileType = folder.assetcatalog; path = Assets.xcassets; sourceTree = "<group>"; };
		0993A93A279F23850000B91C /* Base */ = {isa = PBXFileReference; lastKnownFileType = file.storyboard; name = Base; path = Base.lproj/LaunchScreen.storyboard; sourceTree = "<group>"; };
		0993A93C279F23850000B91C /* Info.plist */ = {isa = PBXFileReference; lastKnownFileType = text.plist.xml; path = Info.plist; sourceTree = "<group>"; };
		0993A948279F25870000B91C /* AppCoordinator.swift */ = {isa = PBXFileReference; lastKnownFileType = sourcecode.swift; path = AppCoordinator.swift; sourceTree = "<group>"; };
		0993A94F279F29D50000B91C /* ListaCochesViewController.swift */ = {isa = PBXFileReference; lastKnownFileType = sourcecode.swift; path = ListaCochesViewController.swift; sourceTree = "<group>"; };
		0993A950279F29D50000B91C /* ListaCochesViewController.xib */ = {isa = PBXFileReference; lastKnownFileType = file.xib; path = ListaCochesViewController.xib; sourceTree = "<group>"; };
		0993A955279F2A400000B91C /* ListaCochesCoordinator.swift */ = {isa = PBXFileReference; lastKnownFileType = sourcecode.swift; path = ListaCochesCoordinator.swift; sourceTree = "<group>"; };
		0993A959279F2DC00000B91C /* MesesCell.swift */ = {isa = PBXFileReference; lastKnownFileType = sourcecode.swift; path = MesesCell.swift; sourceTree = "<group>"; };
		0993A95A279F2DC00000B91C /* MesesCell.xib */ = {isa = PBXFileReference; lastKnownFileType = file.xib; path = MesesCell.xib; sourceTree = "<group>"; };
		0993A960279F3B7F0000B91C /* Utils.swift */ = {isa = PBXFileReference; lastKnownFileType = sourcecode.swift; path = Utils.swift; sourceTree = "<group>"; };
		0993A965279F3E960000B91C /* ListaSuperCochesViewController.swift */ = {isa = PBXFileReference; lastKnownFileType = sourcecode.swift; path = ListaSuperCochesViewController.swift; sourceTree = "<group>"; };
		0993A966279F3E960000B91C /* ListaSuperCochesViewController.xib */ = {isa = PBXFileReference; lastKnownFileType = file.xib; path = ListaSuperCochesViewController.xib; sourceTree = "<group>"; };
		0993A96B279F3EA40000B91C /* ListaSuperCochesCoordinator.swift */ = {isa = PBXFileReference; lastKnownFileType = sourcecode.swift; path = ListaSuperCochesCoordinator.swift; sourceTree = "<group>"; };
		0993A96F279F3FBC0000B91C /* HometabBarViewController.swift */ = {isa = PBXFileReference; lastKnownFileType = sourcecode.swift; path = HometabBarViewController.swift; sourceTree = "<group>"; };
		0993A970279F3FBC0000B91C /* HometabBarViewController.xib */ = {isa = PBXFileReference; lastKnownFileType = file.xib; path = HometabBarViewController.xib; sourceTree = "<group>"; };
		0993A975279F3FD40000B91C /* HometabBarCoordinator.swift */ = {isa = PBXFileReference; lastKnownFileType = sourcecode.swift; path = HometabBarCoordinator.swift; sourceTree = "<group>"; };
		0993A979279F45130000B91C /* CochesModel.swift */ = {isa = PBXFileReference; lastKnownFileType = sourcecode.swift; path = CochesModel.swift; sourceTree = "<group>"; };
		0993A97E279F49440000B91C /* CochesCell.swift */ = {isa = PBXFileReference; lastKnownFileType = sourcecode.swift; path = CochesCell.swift; sourceTree = "<group>"; };
		0993A97F279F49440000B91C /* CochesCell.xib */ = {isa = PBXFileReference; lastKnownFileType = file.xib; path = CochesCell.xib; sourceTree = "<group>"; };
		0993A98527A07D9F0000B91C /* ListaPerfilPostViewController.swift */ = {isa = PBXFileReference; lastKnownFileType = sourcecode.swift; path = ListaPerfilPostViewController.swift; sourceTree = "<group>"; };
		0993A98627A07D9F0000B91C /* ListaPerfilPostViewController.xib */ = {isa = PBXFileReference; lastKnownFileType = file.xib; path = ListaPerfilPostViewController.xib; sourceTree = "<group>"; };
		0993A98D27A07DB90000B91C /* ListaPerfilPostCoordinator.swift */ = {isa = PBXFileReference; lastKnownFileType = sourcecode.swift; path = ListaPerfilPostCoordinator.swift; sourceTree = "<group>"; };
		0993A99527A083CC0000B91C /* PostCell.swift */ = {isa = PBXFileReference; lastKnownFileType = sourcecode.swift; path = PostCell.swift; sourceTree = "<group>"; };
		0993A99627A083CC0000B91C /* PostCell.xib */ = {isa = PBXFileReference; lastKnownFileType = file.xib; path = PostCell.xib; sourceTree = "<group>"; };
		0993A99A27A084060000B91C /* UserDataModel.swift */ = {isa = PBXFileReference; lastKnownFileType = sourcecode.swift; path = UserDataModel.swift; sourceTree = "<group>"; };
		0993A99E27A08CF60000B91C /* PerfilCell.swift */ = {isa = PBXFileReference; lastKnownFileType = sourcecode.swift; path = PerfilCell.swift; sourceTree = "<group>"; };
		0993A99F27A08CF60000B91C /* PerfilCell.xib */ = {isa = PBXFileReference; lastKnownFileType = file.xib; path = PerfilCell.xib; sourceTree = "<group>"; };
/* End PBXFileReference section */

/* Begin PBXFrameworksBuildPhase section */
		0993A928279F23840000B91C /* Frameworks */ = {
			isa = PBXFrameworksBuildPhase;
			buildActionMask = 2147483647;
			files = (
			);
			runOnlyForDeploymentPostprocessing = 0;
		};
/* End PBXFrameworksBuildPhase section */

/* Begin PBXGroup section */
		0993A922279F23840000B91C = {
			isa = PBXGroup;
			children = (
				0993A92D279F23840000B91C /* MiAppIntroduccionTableView */,
				0993A92C279F23840000B91C /* Products */,
			);
			sourceTree = "<group>";
		};
		0993A92C279F23840000B91C /* Products */ = {
			isa = PBXGroup;
			children = (
				0993A92B279F23840000B91C /* MiAppIntroduccionTableView.app */,
			);
			name = Products;
			sourceTree = "<group>";
		};
		0993A92D279F23840000B91C /* MiAppIntroduccionTableView */ = {
			isa = PBXGroup;
			children = (
				0993A978279F44F00000B91C /* Models */,
				0993A95F279F3B6D0000B91C /* Utils+Helpers */,
				0993A94B279F28FA0000B91C /* Sources */,
				0993A946279F25710000B91C /* CoreApp */,
				0993A937279F23850000B91C /* Assets.xcassets */,
				0993A939279F23850000B91C /* LaunchScreen.storyboard */,
				0993A93C279F23850000B91C /* Info.plist */,
			);
			path = MiAppIntroduccionTableView;
			sourceTree = "<group>";
		};
		0993A946279F25710000B91C /* CoreApp */ = {
			isa = PBXGroup;
			children = (
				0993A92E279F23850000B91C /* AppDelegate.swift */,
				0993A948279F25870000B91C /* AppCoordinator.swift */,
			);
			path = CoreApp;
			sourceTree = "<group>";
		};
		0993A94B279F28FA0000B91C /* Sources */ = {
			isa = PBXGroup;
			children = (
				0993A94C279F29020000B91C /* Modules */,
			);
			path = Sources;
			sourceTree = "<group>";
		};
		0993A94C279F29020000B91C /* Modules */ = {
			isa = PBXGroup;
			children = (
				0993A98427A07D650000B91C /* ListaPerfilPostView */,
				0993A96E279F3F950000B91C /* HomeTabBarView */,
				0993A964279F3E3C0000B91C /* ListaSuperCoches */,
				0993A94E279F29210000B91C /* ListaCochesView */,
			);
			path = Modules;
			sourceTree = "<group>";
		};
		0993A94E279F29210000B91C /* ListaCochesView */ = {
			isa = PBXGroup;
			children = (
				0993A958279F2D7C0000B91C /* Cell */,
				0993A94F279F29D50000B91C /* ListaCochesViewController.swift */,
				0993A950279F29D50000B91C /* ListaCochesViewController.xib */,
				0993A955279F2A400000B91C /* ListaCochesCoordinator.swift */,
			);
			path = ListaCochesView;
			sourceTree = "<group>";
		};
		0993A958279F2D7C0000B91C /* Cell */ = {
			isa = PBXGroup;
			children = (
				0993A959279F2DC00000B91C /* MesesCell.swift */,
				0993A95A279F2DC00000B91C /* MesesCell.xib */,
			);
			path = Cell;
			sourceTree = "<group>";
		};
		0993A95F279F3B6D0000B91C /* Utils+Helpers */ = {
			isa = PBXGroup;
			children = (
				0993A960279F3B7F0000B91C /* Utils.swift */,
			);
			path = "Utils+Helpers";
			sourceTree = "<group>";
		};
		0993A964279F3E3C0000B91C /* ListaSuperCoches */ = {
			isa = PBXGroup;
			children = (
				0993A97D279F49200000B91C /* Cell */,
				0993A965279F3E960000B91C /* ListaSuperCochesViewController.swift */,
				0993A966279F3E960000B91C /* ListaSuperCochesViewController.xib */,
				0993A96B279F3EA40000B91C /* ListaSuperCochesCoordinator.swift */,
			);
			path = ListaSuperCoches;
			sourceTree = "<group>";
		};
		0993A96E279F3F950000B91C /* HomeTabBarView */ = {
			isa = PBXGroup;
			children = (
				0993A96F279F3FBC0000B91C /* HometabBarViewController.swift */,
				0993A970279F3FBC0000B91C /* HometabBarViewController.xib */,
				0993A975279F3FD40000B91C /* HometabBarCoordinator.swift */,
			);
			path = HomeTabBarView;
			sourceTree = "<group>";
		};
		0993A978279F44F00000B91C /* Models */ = {
			isa = PBXGroup;
			children = (
				0993A979279F45130000B91C /* CochesModel.swift */,
				0993A99A27A084060000B91C /* UserDataModel.swift */,
			);
			path = Models;
			sourceTree = "<group>";
		};
		0993A97D279F49200000B91C /* Cell */ = {
			isa = PBXGroup;
			children = (
				0993A97E279F49440000B91C /* CochesCell.swift */,
				0993A97F279F49440000B91C /* CochesCell.xib */,
			);
			path = Cell;
			sourceTree = "<group>";
		};
		0993A98427A07D650000B91C /* ListaPerfilPostView */ = {
			isa = PBXGroup;
			children = (
				0993A98B27A07DA30000B91C /* Cell */,
				0993A98527A07D9F0000B91C /* ListaPerfilPostViewController.swift */,
				0993A98627A07D9F0000B91C /* ListaPerfilPostViewController.xib */,
				0993A98D27A07DB90000B91C /* ListaPerfilPostCoordinator.swift */,
			);
			path = ListaPerfilPostView;
			sourceTree = "<group>";
		};
		0993A98B27A07DA30000B91C /* Cell */ = {
			isa = PBXGroup;
			children = (
				0993A99527A083CC0000B91C /* PostCell.swift */,
				0993A99627A083CC0000B91C /* PostCell.xib */,
				0993A99E27A08CF60000B91C /* PerfilCell.swift */,
				0993A99F27A08CF60000B91C /* PerfilCell.xib */,
			);
			path = Cell;
			sourceTree = "<group>";
		};
/* End PBXGroup section */

/* Begin PBXNativeTarget section */
		0993A92A279F23840000B91C /* MiAppIntroduccionTableView */ = {
			isa = PBXNativeTarget;
			buildConfigurationList = 0993A93F279F23850000B91C /* Build configuration list for PBXNativeTarget "MiAppIntroduccionTableView" */;
			buildPhases = (
				0993A927279F23840000B91C /* Sources */,
				0993A928279F23840000B91C /* Frameworks */,
				0993A929279F23840000B91C /* Resources */,
			);
			buildRules = (
			);
			dependencies = (
			);
			name = MiAppIntroduccionTableView;
			productName = MiAppIntroduccionTableView;
			productReference = 0993A92B279F23840000B91C /* MiAppIntroduccionTableView.app */;
			productType = "com.apple.product-type.application";
		};
/* End PBXNativeTarget section */

/* Begin PBXProject section */
		0993A923279F23840000B91C /* Project object */ = {
			isa = PBXProject;
			attributes = {
				LastSwiftUpdateCheck = 1230;
				LastUpgradeCheck = 1230;
				TargetAttributes = {
					0993A92A279F23840000B91C = {
						CreatedOnToolsVersion = 12.3;
					};
				};
			};
			buildConfigurationList = 0993A926279F23840000B91C /* Build configuration list for PBXProject "MiAppIntroduccionTableView" */;
			compatibilityVersion = "Xcode 9.3";
			developmentRegion = en;
			hasScannedForEncodings = 0;
			knownRegions = (
				en,
				Base,
			);
			mainGroup = 0993A922279F23840000B91C;
			productRefGroup = 0993A92C279F23840000B91C /* Products */;
			projectDirPath = "";
			projectRoot = "";
			targets = (
				0993A92A279F23840000B91C /* MiAppIntroduccionTableView */,
			);
		};
/* End PBXProject section */

/* Begin PBXResourcesBuildPhase section */
		0993A929279F23840000B91C /* Resources */ = {
			isa = PBXResourcesBuildPhase;
			buildActionMask = 2147483647;
			files = (
				0993A93B279F23850000B91C /* LaunchScreen.storyboard in Resources */,
				0993A972279F3FBC0000B91C /* HometabBarViewController.xib in Resources */,
				0993A98827A07D9F0000B91C /* ListaPerfilPostViewController.xib in Resources */,
				0993A952279F29D50000B91C /* ListaCochesViewController.xib in Resources */,
				0993A981279F49440000B91C /* CochesCell.xib in Resources */,
				0993A9A127A08CF60000B91C /* PerfilCell.xib in Resources */,
				0993A968279F3E960000B91C /* ListaSuperCochesViewController.xib in Resources */,
				0993A938279F23850000B91C /* Assets.xcassets in Resources */,
				0993A99827A083CC0000B91C /* PostCell.xib in Resources */,
				0993A95C279F2DC00000B91C /* MesesCell.xib in Resources */,
			);
			runOnlyForDeploymentPostprocessing = 0;
		};
/* End PBXResourcesBuildPhase section */

/* Begin PBXSourcesBuildPhase section */
		0993A927279F23840000B91C /* Sources */ = {
			isa = PBXSourcesBuildPhase;
			buildActionMask = 2147483647;
			files = (
				0993A980279F49440000B91C /* CochesCell.swift in Sources */,
				0993A95B279F2DC00000B91C /* MesesCell.swift in Sources */,
				0993A949279F25870000B91C /* AppCoordinator.swift in Sources */,
				0993A956279F2A400000B91C /* ListaCochesCoordinator.swift in Sources */,
				0993A98E27A07DB90000B91C /* ListaPerfilPostCoordinator.swift in Sources */,
				0993A97A279F45130000B91C /* CochesModel.swift in Sources */,
				0993A9A027A08CF60000B91C /* PerfilCell.swift in Sources */,
				0993A98727A07D9F0000B91C /* ListaPerfilPostViewController.swift in Sources */,
				0993A96C279F3EA40000B91C /* ListaSuperCochesCoordinator.swift in Sources */,
				0993A951279F29D50000B91C /* ListaCochesViewController.swift in Sources */,
				0993A971279F3FBC0000B91C /* HometabBarViewController.swift in Sources */,
				0993A92F279F23850000B91C /* AppDelegate.swift in Sources */,
				0993A976279F3FD40000B91C /* HometabBarCoordinator.swift in Sources */,
				0993A967279F3E960000B91C /* ListaSuperCochesViewController.swift in Sources */,
				0993A961279F3B7F0000B91C /* Utils.swift in Sources */,
				0993A99727A083CC0000B91C /* PostCell.swift in Sources */,
				0993A99B27A084060000B91C /* UserDataModel.swift in Sources */,
			);
			runOnlyForDeploymentPostprocessing = 0;
		};
/* End PBXSourcesBuildPhase section */

/* Begin PBXVariantGroup section */
		0993A939279F23850000B91C /* LaunchScreen.storyboard */ = {
			isa = PBXVariantGroup;
			children = (
				0993A93A279F23850000B91C /* Base */,
			);
			name = LaunchScreen.storyboard;
			sourceTree = "<group>";
		};
/* End PBXVariantGroup section */

/* Begin XCBuildConfiguration section */
		0993A93D279F23850000B91C /* Debug */ = {
			isa = XCBuildConfiguration;
			buildSettings = {
				ALWAYS_SEARCH_USER_PATHS = NO;
				CLANG_ANALYZER_NONNULL = YES;
				CLANG_ANALYZER_NUMBER_OBJECT_CONVERSION = YES_AGGRESSIVE;
				CLANG_CXX_LANGUAGE_STANDARD = "gnu++14";
				CLANG_CXX_LIBRARY = "libc++";
				CLANG_ENABLE_MODULES = YES;
				CLANG_ENABLE_OBJC_ARC = YES;
				CLANG_ENABLE_OBJC_WEAK = YES;
				CLANG_WARN_BLOCK_CAPTURE_AUTORELEASING = YES;
				CLANG_WARN_BOOL_CONVERSION = YES;
				CLANG_WARN_COMMA = YES;
				CLANG_WARN_CONSTANT_CONVERSION = YES;
				CLANG_WARN_DEPRECATED_OBJC_IMPLEMENTATIONS = YES;
				CLANG_WARN_DIRECT_OBJC_ISA_USAGE = YES_ERROR;
				CLANG_WARN_DOCUMENTATION_COMMENTS = YES;
				CLANG_WARN_EMPTY_BODY = YES;
				CLANG_WARN_ENUM_CONVERSION = YES;
				CLANG_WARN_INFINITE_RECURSION = YES;
				CLANG_WARN_INT_CONVERSION = YES;
				CLANG_WARN_NON_LITERAL_NULL_CONVERSION = YES;
				CLANG_WARN_OBJC_IMPLICIT_RETAIN_SELF = YES;
				CLANG_WARN_OBJC_LITERAL_CONVERSION = YES;
				CLANG_WARN_OBJC_ROOT_CLASS = YES_ERROR;
				CLANG_WARN_QUOTED_INCLUDE_IN_FRAMEWORK_HEADER = YES;
				CLANG_WARN_RANGE_LOOP_ANALYSIS = YES;
				CLANG_WARN_STRICT_PROTOTYPES = YES;
				CLANG_WARN_SUSPICIOUS_MOVE = YES;
				CLANG_WARN_UNGUARDED_AVAILABILITY = YES_AGGRESSIVE;
				CLANG_WARN_UNREACHABLE_CODE = YES;
				CLANG_WARN__DUPLICATE_METHOD_MATCH = YES;
				COPY_PHASE_STRIP = NO;
				DEBUG_INFORMATION_FORMAT = dwarf;
				ENABLE_STRICT_OBJC_MSGSEND = YES;
				ENABLE_TESTABILITY = YES;
				GCC_C_LANGUAGE_STANDARD = gnu11;
				GCC_DYNAMIC_NO_PIC = NO;
				GCC_NO_COMMON_BLOCKS = YES;
				GCC_OPTIMIZATION_LEVEL = 0;
				GCC_PREPROCESSOR_DEFINITIONS = (
					"DEBUG=1",
					"$(inherited)",
				);
				GCC_WARN_64_TO_32_BIT_CONVERSION = YES;
				GCC_WARN_ABOUT_RETURN_TYPE = YES_ERROR;
				GCC_WARN_UNDECLARED_SELECTOR = YES;
				GCC_WARN_UNINITIALIZED_AUTOS = YES_AGGRESSIVE;
				GCC_WARN_UNUSED_FUNCTION = YES;
				GCC_WARN_UNUSED_VARIABLE = YES;
				IPHONEOS_DEPLOYMENT_TARGET = 14.3;
				MTL_ENABLE_DEBUG_INFO = INCLUDE_SOURCE;
				MTL_FAST_MATH = YES;
				ONLY_ACTIVE_ARCH = YES;
				SDKROOT = iphoneos;
				SWIFT_ACTIVE_COMPILATION_CONDITIONS = DEBUG;
				SWIFT_OPTIMIZATION_LEVEL = "-Onone";
			};
			name = Debug;
		};
		0993A93E279F23850000B91C /* Release */ = {
			isa = XCBuildConfiguration;
			buildSettings = {
				ALWAYS_SEARCH_USER_PATHS = NO;
				CLANG_ANALYZER_NONNULL = YES;
				CLANG_ANALYZER_NUMBER_OBJECT_CONVERSION = YES_AGGRESSIVE;
				CLANG_CXX_LANGUAGE_STANDARD = "gnu++14";
				CLANG_CXX_LIBRARY = "libc++";
				CLANG_ENABLE_MODULES = YES;
				CLANG_ENABLE_OBJC_ARC = YES;
				CLANG_ENABLE_OBJC_WEAK = YES;
				CLANG_WARN_BLOCK_CAPTURE_AUTORELEASING = YES;
				CLANG_WARN_BOOL_CONVERSION = YES;
				CLANG_WARN_COMMA = YES;
				CLANG_WARN_CONSTANT_CONVERSION = YES;
				CLANG_WARN_DEPRECATED_OBJC_IMPLEMENTATIONS = YES;
				CLANG_WARN_DIRECT_OBJC_ISA_USAGE = YES_ERROR;
				CLANG_WARN_DOCUMENTATION_COMMENTS = YES;
				CLANG_WARN_EMPTY_BODY = YES;
				CLANG_WARN_ENUM_CONVERSION = YES;
				CLANG_WARN_INFINITE_RECURSION = YES;
				CLANG_WARN_INT_CONVERSION = YES;
				CLANG_WARN_NON_LITERAL_NULL_CONVERSION = YES;
				CLANG_WARN_OBJC_IMPLICIT_RETAIN_SELF = YES;
				CLANG_WARN_OBJC_LITERAL_CONVERSION = YES;
				CLANG_WARN_OBJC_ROOT_CLASS = YES_ERROR;
				CLANG_WARN_QUOTED_INCLUDE_IN_FRAMEWORK_HEADER = YES;
				CLANG_WARN_RANGE_LOOP_ANALYSIS = YES;
				CLANG_WARN_STRICT_PROTOTYPES = YES;
				CLANG_WARN_SUSPICIOUS_MOVE = YES;
				CLANG_WARN_UNGUARDED_AVAILABILITY = YES_AGGRESSIVE;
				CLANG_WARN_UNREACHABLE_CODE = YES;
				CLANG_WARN__DUPLICATE_METHOD_MATCH = YES;
				COPY_PHASE_STRIP = NO;
				DEBUG_INFORMATION_FORMAT = "dwarf-with-dsym";
				ENABLE_NS_ASSERTIONS = NO;
				ENABLE_STRICT_OBJC_MSGSEND = YES;
				GCC_C_LANGUAGE_STANDARD = gnu11;
				GCC_NO_COMMON_BLOCKS = YES;
				GCC_WARN_64_TO_32_BIT_CONVERSION = YES;
				GCC_WARN_ABOUT_RETURN_TYPE = YES_ERROR;
				GCC_WARN_UNDECLARED_SELECTOR = YES;
				GCC_WARN_UNINITIALIZED_AUTOS = YES_AGGRESSIVE;
				GCC_WARN_UNUSED_FUNCTION = YES;
				GCC_WARN_UNUSED_VARIABLE = YES;
				IPHONEOS_DEPLOYMENT_TARGET = 14.3;
				MTL_ENABLE_DEBUG_INFO = NO;
				MTL_FAST_MATH = YES;
				SDKROOT = iphoneos;
				SWIFT_COMPILATION_MODE = wholemodule;
				SWIFT_OPTIMIZATION_LEVEL = "-O";
				VALIDATE_PRODUCT = YES;
			};
			name = Release;
		};
		0993A940279F23850000B91C /* Debug */ = {
			isa = XCBuildConfiguration;
			buildSettings = {
				ASSETCATALOG_COMPILER_APPICON_NAME = AppIcon;
				ASSETCATALOG_COMPILER_GLOBAL_ACCENT_COLOR_NAME = AccentColor;
				CODE_SIGN_IDENTITY = "Apple Development";
				CODE_SIGN_STYLE = Automatic;
				DEVELOPMENT_TEAM = "";
				INFOPLIST_FILE = MiAppIntroduccionTableView/Info.plist;
				LD_RUNPATH_SEARCH_PATHS = (
					"$(inherited)",
					"@executable_path/Frameworks",
				);
				PRODUCT_BUNDLE_IDENTIFIER = com.cice.education.juliorodriguez.Tecnologia.IOS.MiAppIntroduccionTableView;
				PRODUCT_NAME = "$(TARGET_NAME)";
				PROVISIONING_PROFILE_SPECIFIER = "";
				SWIFT_VERSION = 5.0;
				TARGETED_DEVICE_FAMILY = 1;
			};
			name = Debug;
		};
		0993A941279F23850000B91C /* Release */ = {
			isa = XCBuildConfiguration;
			buildSettings = {
				ASSETCATALOG_COMPILER_APPICON_NAME = AppIcon;
				ASSETCATALOG_COMPILER_GLOBAL_ACCENT_COLOR_NAME = AccentColor;
				CODE_SIGN_IDENTITY = "Apple Development";
				CODE_SIGN_STYLE = Automatic;
				DEVELOPMENT_TEAM = "";
				INFOPLIST_FILE = MiAppIntroduccionTableView/Info.plist;
				LD_RUNPATH_SEARCH_PATHS = (
					"$(inherited)",
					"@executable_path/Frameworks",
				);
				PRODUCT_BUNDLE_IDENTIFIER = com.cice.education.juliorodriguez.Tecnologia.IOS.MiAppIntroduccionTableView;
				PRODUCT_NAME = "$(TARGET_NAME)";
				PROVISIONING_PROFILE_SPECIFIER = "";
				SWIFT_VERSION = 5.0;
				TARGETED_DEVICE_FAMILY = 1;
			};
			name = Release;
		};
/* End XCBuildConfiguration section */

/* Begin XCConfigurationList section */
		0993A926279F23840000B91C /* Build configuration list for PBXProject "MiAppIntroduccionTableView" */ = {
			isa = XCConfigurationList;
			buildConfigurations = (
				0993A93D279F23850000B91C /* Debug */,
				0993A93E279F23850000B91C /* Release */,
			);
			defaultConfigurationIsVisible = 0;
			defaultConfigurationName = Release;
		};
		0993A93F279F23850000B91C /* Build configuration list for PBXNativeTarget "MiAppIntroduccionTableView" */ = {
			isa = XCConfigurationList;
			buildConfigurations = (
				0993A940279F23850000B91C /* Debug */,
				0993A941279F23850000B91C /* Release */,
			);
			defaultConfigurationIsVisible = 0;
			defaultConfigurationName = Release;
		};
/* End XCConfigurationList section */
	};
	rootObject = 0993A923279F23840000B91C /* Project object */;
}
